// !$*UTF8*$!
{
	archiveVersion = 1;
	classes = {
	};
	objectVersion = 55;
	objects = {

/* Begin PBXBuildFile section */
		DE79D95961849CA391478D05 /* Pods_LocationTA.framework in Frameworks */ = {isa = PBXBuildFile; fileRef = CDB12DBBF6B9CE8D04F04D10 /* Pods_LocationTA.framework */; };
		EB5264FA27830EA80080CB04 /* AppDelegate.swift in Sources */ = {isa = PBXBuildFile; fileRef = EB5264F927830EA80080CB04 /* AppDelegate.swift */; };
		EB5264FC27830EA80080CB04 /* SceneDelegate.swift in Sources */ = {isa = PBXBuildFile; fileRef = EB5264FB27830EA80080CB04 /* SceneDelegate.swift */; };
		EB5264FE27830EA80080CB04 /* ViewController.swift in Sources */ = {isa = PBXBuildFile; fileRef = EB5264FD27830EA80080CB04 /* ViewController.swift */; };
		EB52650127830EA80080CB04 /* Main.storyboard in Resources */ = {isa = PBXBuildFile; fileRef = EB5264FF27830EA80080CB04 /* Main.storyboard */; };
		EB52650327830EAC0080CB04 /* Assets.xcassets in Resources */ = {isa = PBXBuildFile; fileRef = EB52650227830EAC0080CB04 /* Assets.xcassets */; };
		EB52650627830EAC0080CB04 /* LaunchScreen.storyboard in Resources */ = {isa = PBXBuildFile; fileRef = EB52650427830EAC0080CB04 /* LaunchScreen.storyboard */; };
		EB79ACCA2794817100B4AFCD /* CustomCell.swift in Sources */ = {isa = PBXBuildFile; fileRef = EB79ACC92794817100B4AFCD /* CustomCell.swift */; };
		EBB4B2B82795AA1200F0D9AF /* GoogleService-Info.plist in Resources */ = {isa = PBXBuildFile; fileRef = EBB4B2B72795AA1200F0D9AF /* GoogleService-Info.plist */; };
		EBD548212798019D002F8DB2 /* LocImage.swift in Sources */ = {isa = PBXBuildFile; fileRef = EBD548202798019D002F8DB2 /* LocImage.swift */; };
/* End PBXBuildFile section */

/* Begin PBXFileReference section */
		940DEB377E76AC7390090477 /* Pods-LocationTA.release.xcconfig */ = {isa = PBXFileReference; includeInIndex = 1; lastKnownFileType = text.xcconfig; name = "Pods-LocationTA.release.xcconfig"; path = "Target Support Files/Pods-LocationTA/Pods-LocationTA.release.xcconfig"; sourceTree = "<group>"; };
		CDB12DBBF6B9CE8D04F04D10 /* Pods_LocationTA.framework */ = {isa = PBXFileReference; explicitFileType = wrapper.framework; includeInIndex = 0; path = Pods_LocationTA.framework; sourceTree = BUILT_PRODUCTS_DIR; };
		D35941A883467F7D04185686 /* Pods-LocationTA.debug.xcconfig */ = {isa = PBXFileReference; includeInIndex = 1; lastKnownFileType = text.xcconfig; name = "Pods-LocationTA.debug.xcconfig"; path = "Target Support Files/Pods-LocationTA/Pods-LocationTA.debug.xcconfig"; sourceTree = "<group>"; };
		EB5264F627830EA80080CB04 /* LocationTA.app */ = {isa = PBXFileReference; explicitFileType = wrapper.application; includeInIndex = 0; path = LocationTA.app; sourceTree = BUILT_PRODUCTS_DIR; };
		EB5264F927830EA80080CB04 /* AppDelegate.swift */ = {isa = PBXFileReference; lastKnownFileType = sourcecode.swift; path = AppDelegate.swift; sourceTree = "<group>"; };
		EB5264FB27830EA80080CB04 /* SceneDelegate.swift */ = {isa = PBXFileReference; lastKnownFileType = sourcecode.swift; path = SceneDelegate.swift; sourceTree = "<group>"; };
		EB5264FD27830EA80080CB04 /* ViewController.swift */ = {isa = PBXFileReference; lastKnownFileType = sourcecode.swift; path = ViewController.swift; sourceTree = "<group>"; };
		EB52650027830EA80080CB04 /* Base */ = {isa = PBXFileReference; lastKnownFileType = file.storyboard; name = Base; path = Base.lproj/Main.storyboard; sourceTree = "<group>"; };
		EB52650227830EAC0080CB04 /* Assets.xcassets */ = {isa = PBXFileReference; lastKnownFileType = folder.assetcatalog; path = Assets.xcassets; sourceTree = "<group>"; };
		EB52650527830EAC0080CB04 /* Base */ = {isa = PBXFileReference; lastKnownFileType = file.storyboard; name = Base; path = Base.lproj/LaunchScreen.storyboard; sourceTree = "<group>"; };
		EB52650727830EAC0080CB04 /* Info.plist */ = {isa = PBXFileReference; lastKnownFileType = text.plist.xml; path = Info.plist; sourceTree = "<group>"; };
		EB79ACC92794817100B4AFCD /* CustomCell.swift */ = {isa = PBXFileReference; lastKnownFileType = sourcecode.swift; path = CustomCell.swift; sourceTree = "<group>"; };
		EBB4B2B72795AA1200F0D9AF /* GoogleService-Info.plist */ = {isa = PBXFileReference; fileEncoding = 4; lastKnownFileType = text.plist.xml; path = "GoogleService-Info.plist"; sourceTree = "<group>"; };
		EBD548202798019D002F8DB2 /* LocImage.swift */ = {isa = PBXFileReference; lastKnownFileType = sourcecode.swift; path = LocImage.swift; sourceTree = "<group>"; };
/* End PBXFileReference section */

/* Begin PBXFrameworksBuildPhase section */
		EB5264F327830EA80080CB04 /* Frameworks */ = {
			isa = PBXFrameworksBuildPhase;
			buildActionMask = 2147483647;
			files = (
				DE79D95961849CA391478D05 /* Pods_LocationTA.framework in Frameworks */,
			);
			runOnlyForDeploymentPostprocessing = 0;
		};
/* End PBXFrameworksBuildPhase section */

/* Begin PBXGroup section */
		42CE272C83FF832BCD5054D9 /* Frameworks */ = {
			isa = PBXGroup;
			children = (
				CDB12DBBF6B9CE8D04F04D10 /* Pods_LocationTA.framework */,
			);
			name = Frameworks;
			sourceTree = "<group>";
		};
		E08016B952E80574BA6161BB /* Pods */ = {
			isa = PBXGroup;
			children = (
				D35941A883467F7D04185686 /* Pods-LocationTA.debug.xcconfig */,
				940DEB377E76AC7390090477 /* Pods-LocationTA.release.xcconfig */,
			);
			path = Pods;
			sourceTree = "<group>";
		};
		EB5264ED27830EA80080CB04 = {
			isa = PBXGroup;
			children = (
				EB5264F827830EA80080CB04 /* LocationTA */,
				EB5264F727830EA80080CB04 /* Products */,
				E08016B952E80574BA6161BB /* Pods */,
				42CE272C83FF832BCD5054D9 /* Frameworks */,
			);
			sourceTree = "<group>";
		};
		EB5264F727830EA80080CB04 /* Products */ = {
			isa = PBXGroup;
			children = (
				EB5264F627830EA80080CB04 /* LocationTA.app */,
			);
			name = Products;
			sourceTree = "<group>";
		};
		EB5264F827830EA80080CB04 /* LocationTA */ = {
			isa = PBXGroup;
			children = (
				EB5264F927830EA80080CB04 /* AppDelegate.swift */,
				EB5264FB27830EA80080CB04 /* SceneDelegate.swift */,
				EB5264FD27830EA80080CB04 /* ViewController.swift */,
				EB79ACC92794817100B4AFCD /* CustomCell.swift */,
				EB5264FF27830EA80080CB04 /* Main.storyboard */,
				EB52650227830EAC0080CB04 /* Assets.xcassets */,
				EB52650427830EAC0080CB04 /* LaunchScreen.storyboard */,
				EB52650727830EAC0080CB04 /* Info.plist */,
				EBB4B2B72795AA1200F0D9AF /* GoogleService-Info.plist */,
				EBD548202798019D002F8DB2 /* LocImage.swift */,
			);
			path = LocationTA;
			sourceTree = "<group>";
		};
/* End PBXGroup section */

/* Begin PBXNativeTarget section */
		EB5264F527830EA80080CB04 /* LocationTA */ = {
			isa = PBXNativeTarget;
			buildConfigurationList = EB52650A27830EAC0080CB04 /* Build configuration list for PBXNativeTarget "LocationTA" */;
			buildPhases = (
				81D9D9257F8C9BD29B2A837A /* [CP] Check Pods Manifest.lock */,
				EB5264F227830EA80080CB04 /* Sources */,
				EB5264F327830EA80080CB04 /* Frameworks */,
				EB5264F427830EA80080CB04 /* Resources */,
				931113751B3935FEAECF83C4 /* [CP] Embed Pods Frameworks */,
			);
			buildRules = (
			);
			dependencies = (
			);
			name = LocationTA;
			productName = LocationTA;
			productReference = EB5264F627830EA80080CB04 /* LocationTA.app */;
			productType = "com.apple.product-type.application";
		};
/* End PBXNativeTarget section */

/* Begin PBXProject section */
		EB5264EE27830EA80080CB04 /* Project object */ = {
			isa = PBXProject;
			attributes = {
				BuildIndependentTargetsInParallel = 1;
				LastSwiftUpdateCheck = 1310;
				LastUpgradeCheck = 1310;
				TargetAttributes = {
					EB5264F527830EA80080CB04 = {
						CreatedOnToolsVersion = 13.1;
					};
				};
			};
			buildConfigurationList = EB5264F127830EA80080CB04 /* Build configuration list for PBXProject "LocationTA" */;
			compatibilityVersion = "Xcode 13.0";
			developmentRegion = en;
			hasScannedForEncodings = 0;
			knownRegions = (
				en,
				Base,
			);
			mainGroup = EB5264ED27830EA80080CB04;
			productRefGroup = EB5264F727830EA80080CB04 /* Products */;
			projectDirPath = "";
			projectRoot = "";
			targets = (
				EB5264F527830EA80080CB04 /* LocationTA */,
			);
		};
/* End PBXProject section */

/* Begin PBXResourcesBuildPhase section */
		EB5264F427830EA80080CB04 /* Resources */ = {
			isa = PBXResourcesBuildPhase;
			buildActionMask = 2147483647;
			files = (
				EB52650627830EAC0080CB04 /* LaunchScreen.storyboard in Resources */,
				EBB4B2B82795AA1200F0D9AF /* GoogleService-Info.plist in Resources */,
				EB52650327830EAC0080CB04 /* Assets.xcassets in Resources */,
				EB52650127830EA80080CB04 /* Main.storyboard in Resources */,
			);
			runOnlyForDeploymentPostprocessing = 0;
		};
/* End PBXResourcesBuildPhase section */

/* Begin PBXShellScriptBuildPhase section */
		81D9D9257F8C9BD29B2A837A /* [CP] Check Pods Manifest.lock */ = {
			isa = PBXShellScriptBuildPhase;
			buildActionMask = 2147483647;
			files = (
			);
			inputFileListPaths = (
			);
			inputPaths = (
				"${PODS_PODFILE_DIR_PATH}/Podfile.lock",
				"${PODS_ROOT}/Manifest.lock",
			);
			name = "[CP] Check Pods Manifest.lock";
			outputFileListPaths = (
			);
			outputPaths = (
				"$(DERIVED_FILE_DIR)/Pods-LocationTA-checkManifestLockResult.txt",
			);
			runOnlyForDeploymentPostprocessing = 0;
			shellPath = /bin/sh;
			shellScript = "diff \"${PODS_PODFILE_DIR_PATH}/Podfile.lock\" \"${PODS_ROOT}/Manifest.lock\" > /dev/null\nif [ $? != 0 ] ; then\n    # print error to STDERR\n    echo \"error: The sandbox is not in sync with the Podfile.lock. Run 'pod install' or update your CocoaPods installation.\" >&2\n    exit 1\nfi\n# This output is used by Xcode 'outputs' to avoid re-running this script phase.\necho \"SUCCESS\" > \"${SCRIPT_OUTPUT_FILE_0}\"\n";
			showEnvVarsInLog = 0;
		};
		931113751B3935FEAECF83C4 /* [CP] Embed Pods Frameworks */ = {
			isa = PBXShellScriptBuildPhase;
			buildActionMask = 2147483647;
			files = (
			);
			inputFileListPaths = (
				"${PODS_ROOT}/Target Support Files/Pods-LocationTA/Pods-LocationTA-frameworks-${CONFIGURATION}-input-files.xcfilelist",
			);
			name = "[CP] Embed Pods Frameworks";
			outputFileListPaths = (
				"${PODS_ROOT}/Target Support Files/Pods-LocationTA/Pods-LocationTA-frameworks-${CONFIGURATION}-output-files.xcfilelist",
			);
			runOnlyForDeploymentPostprocessing = 0;
			shellPath = /bin/sh;
			shellScript = "\"${PODS_ROOT}/Target Support Files/Pods-LocationTA/Pods-LocationTA-frameworks.sh\"\n";
			showEnvVarsInLog = 0;
		};
/* End PBXShellScriptBuildPhase section */

/* Begin PBXSourcesBuildPhase section */
		EB5264F227830EA80080CB04 /* Sources */ = {
			isa = PBXSourcesBuildPhase;
			buildActionMask = 2147483647;
			files = (
				EBD548212798019D002F8DB2 /* LocImage.swift in Sources */,
				EB5264FE27830EA80080CB04 /* ViewController.swift in Sources */,
				EB5264FA27830EA80080CB04 /* AppDelegate.swift in Sources */,
				EB79ACCA2794817100B4AFCD /* CustomCell.swift in Sources */,
				EB5264FC27830EA80080CB04 /* SceneDelegate.swift in Sources */,
			);
			runOnlyForDeploymentPostprocessing = 0;
		};
/* End PBXSourcesBuildPhase section */

/* Begin PBXVariantGroup section */
		EB5264FF27830EA80080CB04 /* Main.storyboard */ = {
			isa = PBXVariantGroup;
			children = (
				EB52650027830EA80080CB04 /* Base */,
			);
			name = Main.storyboard;
			sourceTree = "<group>";
		};
		EB52650427830EAC0080CB04 /* LaunchScreen.storyboard */ = {
			isa = PBXVariantGroup;
			children = (
				EB52650527830EAC0080CB04 /* Base */,
			);
			name = LaunchScreen.storyboard;
			sourceTree = "<group>";
		};
/* End PBXVariantGroup section */

/* Begin XCBuildConfiguration section */
		EB52650827830EAC0080CB04 /* Debug */ = {
			isa = XCBuildConfiguration;
			buildSettings = {
				ALWAYS_SEARCH_USER_PATHS = NO;
				CLANG_ANALYZER_NONNULL = YES;
				CLANG_ANALYZER_NUMBER_OBJECT_CONVERSION = YES_AGGRESSIVE;
				CLANG_CXX_LANGUAGE_STANDARD = "gnu++17";
				CLANG_CXX_LIBRARY = "libc++";
				CLANG_ENABLE_MODULES = YES;
				CLANG_ENABLE_OBJC_ARC = YES;
				CLANG_ENABLE_OBJC_WEAK = YES;
				CLANG_WARN_BLOCK_CAPTURE_AUTORELEASING = YES;
				CLANG_WARN_BOOL_CONVERSION = YES;
				CLANG_WARN_COMMA = YES;
				CLANG_WARN_CONSTANT_CONVERSION = YES;
				CLANG_WARN_DEPRECATED_OBJC_IMPLEMENTATIONS = YES;
				CLANG_WARN_DIRECT_OBJC_ISA_USAGE = YES_ERROR;
				CLANG_WARN_DOCUMENTATION_COMMENTS = YES;
				CLANG_WARN_EMPTY_BODY = YES;
				CLANG_WARN_ENUM_CONVERSION = YES;
				CLANG_WARN_INFINITE_RECURSION = YES;
				CLANG_WARN_INT_CONVERSION = YES;
				CLANG_WARN_NON_LITERAL_NULL_CONVERSION = YES;
				CLANG_WARN_OBJC_IMPLICIT_RETAIN_SELF = YES;
				CLANG_WARN_OBJC_LITERAL_CONVERSION = YES;
				CLANG_WARN_OBJC_ROOT_CLASS = YES_ERROR;
				CLANG_WARN_QUOTED_INCLUDE_IN_FRAMEWORK_HEADER = YES;
				CLANG_WARN_RANGE_LOOP_ANALYSIS = YES;
				CLANG_WARN_STRICT_PROTOTYPES = YES;
				CLANG_WARN_SUSPICIOUS_MOVE = YES;
				CLANG_WARN_UNGUARDED_AVAILABILITY = YES_AGGRESSIVE;
				CLANG_WARN_UNREACHABLE_CODE = YES;
				CLANG_WARN__DUPLICATE_METHOD_MATCH = YES;
				COPY_PHASE_STRIP = NO;
				DEBUG_INFORMATION_FORMAT = dwarf;
				ENABLE_STRICT_OBJC_MSGSEND = YES;
				ENABLE_TESTABILITY = YES;
				GCC_C_LANGUAGE_STANDARD = gnu11;
				GCC_DYNAMIC_NO_PIC = NO;
				GCC_NO_COMMON_BLOCKS = YES;
				GCC_OPTIMIZATION_LEVEL = 0;
				GCC_PREPROCESSOR_DEFINITIONS = (
					"DEBUG=1",
					"$(inherited)",
				);
				GCC_WARN_64_TO_32_BIT_CONVERSION = YES;
				GCC_WARN_ABOUT_RETURN_TYPE = YES_ERROR;
				GCC_WARN_UNDECLARED_SELECTOR = YES;
				GCC_WARN_UNINITIALIZED_AUTOS = YES_AGGRESSIVE;
				GCC_WARN_UNUSED_FUNCTION = YES;
				GCC_WARN_UNUSED_VARIABLE = YES;
				IPHONEOS_DEPLOYMENT_TARGET = 15.0;
				MTL_ENABLE_DEBUG_INFO = INCLUDE_SOURCE;
				MTL_FAST_MATH = YES;
				ONLY_ACTIVE_ARCH = YES;
				SDKROOT = iphoneos;
				SWIFT_ACTIVE_COMPILATION_CONDITIONS = DEBUG;
				SWIFT_OPTIMIZATION_LEVEL = "-Onone";
			};
			name = Debug;
		};
		EB52650927830EAC0080CB04 /* Release */ = {
			isa = XCBuildConfiguration;
			buildSettings = {
				ALWAYS_SEARCH_USER_PATHS = NO;
				CLANG_ANALYZER_NONNULL = YES;
				CLANG_ANALYZER_NUMBER_OBJECT_CONVERSION = YES_AGGRESSIVE;
				CLANG_CXX_LANGUAGE_STANDARD = "gnu++17";
				CLANG_CXX_LIBRARY = "libc++";
				CLANG_ENABLE_MODULES = YES;
				CLANG_ENABLE_OBJC_ARC = YES;
				CLANG_ENABLE_OBJC_WEAK = YES;
				CLANG_WARN_BLOCK_CAPTURE_AUTORELEASING = YES;
				CLANG_WARN_BOOL_CONVERSION = YES;
				CLANG_WARN_COMMA = YES;
				CLANG_WARN_CONSTANT_CONVERSION = YES;
				CLANG_WARN_DEPRECATED_OBJC_IMPLEMENTATIONS = YES;
				CLANG_WARN_DIRECT_OBJC_ISA_USAGE = YES_ERROR;
				CLANG_WARN_DOCUMENTATION_COMMENTS = YES;
				CLANG_WARN_EMPTY_BODY = YES;
				CLANG_WARN_ENUM_CONVERSION = YES;
				CLANG_WARN_INFINITE_RECURSION = YES;
				CLANG_WARN_INT_CONVERSION = YES;
				CLANG_WARN_NON_LITERAL_NULL_CONVERSION = YES;
				CLANG_WARN_OBJC_IMPLICIT_RETAIN_SELF = YES;
				CLANG_WARN_OBJC_LITERAL_CONVERSION = YES;
				CLANG_WARN_OBJC_ROOT_CLASS = YES_ERROR;
				CLANG_WARN_QUOTED_INCLUDE_IN_FRAMEWORK_HEADER = YES;
				CLANG_WARN_RANGE_LOOP_ANALYSIS = YES;
				CLANG_WARN_STRICT_PROTOTYPES = YES;
				CLANG_WARN_SUSPICIOUS_MOVE = YES;
				CLANG_WARN_UNGUARDED_AVAILABILITY = YES_AGGRESSIVE;
				CLANG_WARN_UNREACHABLE_CODE = YES;
				CLANG_WARN__DUPLICATE_METHOD_MATCH = YES;
				COPY_PHASE_STRIP = NO;
				DEBUG_INFORMATION_FORMAT = "dwarf-with-dsym";
				ENABLE_NS_ASSERTIONS = NO;
				ENABLE_STRICT_OBJC_MSGSEND = YES;
				GCC_C_LANGUAGE_STANDARD = gnu11;
				GCC_NO_COMMON_BLOCKS = YES;
				GCC_WARN_64_TO_32_BIT_CONVERSION = YES;
				GCC_WARN_ABOUT_RETURN_TYPE = YES_ERROR;
				GCC_WARN_UNDECLARED_SELECTOR = YES;
				GCC_WARN_UNINITIALIZED_AUTOS = YES_AGGRESSIVE;
				GCC_WARN_UNUSED_FUNCTION = YES;
				GCC_WARN_UNUSED_VARIABLE = YES;
				IPHONEOS_DEPLOYMENT_TARGET = 15.0;
				MTL_ENABLE_DEBUG_INFO = NO;
				MTL_FAST_MATH = YES;
				SDKROOT = iphoneos;
				SWIFT_COMPILATION_MODE = wholemodule;
				SWIFT_OPTIMIZATION_LEVEL = "-O";
				VALIDATE_PRODUCT = YES;
			};
			name = Release;
		};
		EB52650B27830EAC0080CB04 /* Debug */ = {
			isa = XCBuildConfiguration;
			baseConfigurationReference = D35941A883467F7D04185686 /* Pods-LocationTA.debug.xcconfig */;
			buildSettings = {
				ASSETCATALOG_COMPILER_APPICON_NAME = AppIcon;
				ASSETCATALOG_COMPILER_GLOBAL_ACCENT_COLOR_NAME = AccentColor;
				CODE_SIGN_STYLE = Automatic;
				CURRENT_PROJECT_VERSION = 1;
				GENERATE_INFOPLIST_FILE = YES;
				INFOPLIST_FILE = LocationTA/Info.plist;
				INFOPLIST_KEY_UIApplicationSupportsIndirectInputEvents = YES;
				INFOPLIST_KEY_UILaunchStoryboardName = LaunchScreen;
				INFOPLIST_KEY_UIMainStoryboardFile = Main;
				INFOPLIST_KEY_UISupportedInterfaceOrientations_iPad = "UIInterfaceOrientationPortrait UIInterfaceOrientationPortraitUpsideDown UIInterfaceOrientationLandscapeLeft UIInterfaceOrientationLandscapeRight";
				INFOPLIST_KEY_UISupportedInterfaceOrientations_iPhone = "UIInterfaceOrientationPortrait UIInterfaceOrientationLandscapeLeft UIInterfaceOrientationLandscapeRight";
				LD_RUNPATH_SEARCH_PATHS = (
					"$(inherited)",
					"@executable_path/Frameworks",
				);
				MARKETING_VERSION = 1.0;
				PRODUCT_BUNDLE_IDENTIFIER = danepris.LocationTA;
				PRODUCT_NAME = "$(TARGET_NAME)";
				SWIFT_EMIT_LOC_STRINGS = YES;
				SWIFT_VERSION = 5.0;
				TARGETED_DEVICE_FAMILY = 1;
			};
			name = Debug;
		};
		EB52650C27830EAC0080CB04 /* Release */ = {
			isa = XCBuildConfiguration;
			baseConfigurationReference = 940DEB377E76AC7390090477 /* Pods-LocationTA.release.xcconfig */;
			buildSettings = {
				ASSETCATALOG_COMPILER_APPICON_NAME = AppIcon;
				ASSETCATALOG_COMPILER_GLOBAL_ACCENT_COLOR_NAME = AccentColor;
				CODE_SIGN_STYLE = Automatic;
				CURRENT_PROJECT_VERSION = 1;
				GENERATE_INFOPLIST_FILE = YES;
				INFOPLIST_FILE = LocationTA/Info.plist;
				INFOPLIST_KEY_UIApplicationSupportsIndirectInputEvents = YES;
				INFOPLIST_KEY_UILaunchStoryboardName = LaunchScreen;
				INFOPLIST_KEY_UIMainStoryboardFile = Main;
				INFOPLIST_KEY_UISupportedInterfaceOrientations_iPad = "UIInterfaceOrientationPortrait UIInterfaceOrientationPortraitUpsideDown UIInterfaceOrientationLandscapeLeft UIInterfaceOrientationLandscapeRight";
				INFOPLIST_KEY_UISupportedInterfaceOrientations_iPhone = "UIInterfaceOrientationPortrait UIInterfaceOrientationLandscapeLeft UIInterfaceOrientationLandscapeRight";
				LD_RUNPATH_SEARCH_PATHS = (
					"$(inherited)",
					"@executable_path/Frameworks",
				);
				MARKETING_VERSION = 1.0;
				PRODUCT_BUNDLE_IDENTIFIER = danepris.LocationTA;
				PRODUCT_NAME = "$(TARGET_NAME)";
				SWIFT_EMIT_LOC_STRINGS = YES;
				SWIFT_VERSION = 5.0;
				TARGETED_DEVICE_FAMILY = 1;
			};
			name = Release;
		};
/* End XCBuildConfiguration section */

/* Begin XCConfigurationList section */
		EB5264F127830EA80080CB04 /* Build configuration list for PBXProject "LocationTA" */ = {
			isa = XCConfigurationList;
			buildConfigurations = (
				EB52650827830EAC0080CB04 /* Debug */,
				EB52650927830EAC0080CB04 /* Release */,
			);
			defaultConfigurationIsVisible = 0;
			defaultConfigurationName = Release;
		};
		EB52650A27830EAC0080CB04 /* Build configuration list for PBXNativeTarget "LocationTA" */ = {
			isa = XCConfigurationList;
			buildConfigurations = (
				EB52650B27830EAC0080CB04 /* Debug */,
				EB52650C27830EAC0080CB04 /* Release */,
			);
			defaultConfigurationIsVisible = 0;
			defaultConfigurationName = Release;
		};
/* End XCConfigurationList section */
	};
	rootObject = EB5264EE27830EA80080CB04 /* Project object */;
}
